
Microsoft Visual Studio Solution File, Format Version 11.00
# Visual Studio 2010
Project("{FAE04EC0-301F-11D3-BF4B-00C04F79EFBC}") = "Assembly-CSharp", "Assembly-CSharp.csproj", "{b6ccf833-a4f2-4f76-b4ca-645ee4a88ce0}"
EndProject
Project("{FAE04EC0-301F-11D3-BF4B-00C04F79EFBC}") = "Assembly-CSharp-Editor", "Assembly-CSharp-Editor.csproj", "{66fd3365-9f86-1cc2-6b52-3250d8a6bc91}"
EndProject
Global
	GlobalSection(SolutionConfigurationPlatforms) = preSolution
		Debug|Any CPU = Debug|Any CPU
	EndGlobalSection
	GlobalSection(ProjectConfigurationPlatforms) = postSolution
		{b6ccf833-a4f2-4f76-b4ca-645ee4a88ce0}.Debug|Any CPU.ActiveCfg = Debug|Any CPU
		{b6ccf833-a4f2-4f76-b4ca-645ee4a88ce0}.Debug|Any CPU.Build.0 = Debug|Any CPU
		{66fd3365-9f86-1cc2-6b52-3250d8a6bc91}.Debug|Any CPU.ActiveCfg = Debug|Any CPU
		{66fd3365-9f86-1cc2-6b52-3250d8a6bc91}.Debug|Any CPU.Build.0 = Debug|Any CPU
	EndGlobalSection
	GlobalSection(SolutionProperties) = preSolution
		HideSolutionNode = FALSE
	EndGlobalSection
EndGlobal
